// !$*UTF8*$!
{
	archiveVersion = 1;
	classes = {
	};
	objectVersion = 55;
	objects = {

/* Begin PBXBuildFile section */
		186D28D02AD8F24B00B29B08 /* AppDelegate.swift in Sources */ = {isa = PBXBuildFile; fileRef = 186D28CF2AD8F24B00B29B08 /* AppDelegate.swift */; };
		186D28D22AD8F24B00B29B08 /* SceneDelegate.swift in Sources */ = {isa = PBXBuildFile; fileRef = 186D28D12AD8F24B00B29B08 /* SceneDelegate.swift */; };
		186D28D42AD8F24B00B29B08 /* ViewController.swift in Sources */ = {isa = PBXBuildFile; fileRef = 186D28D32AD8F24B00B29B08 /* ViewController.swift */; };
		186D28D72AD8F24B00B29B08 /* Main.storyboard in Resources */ = {isa = PBXBuildFile; fileRef = 186D28D52AD8F24B00B29B08 /* Main.storyboard */; };
		186D28D92AD8F24F00B29B08 /* Assets.xcassets in Resources */ = {isa = PBXBuildFile; fileRef = 186D28D82AD8F24F00B29B08 /* Assets.xcassets */; };
		186D28DC2AD8F24F00B29B08 /* LaunchScreen.storyboard in Resources */ = {isa = PBXBuildFile; fileRef = 186D28DA2AD8F24F00B29B08 /* LaunchScreen.storyboard */; };
		186D28E42AD8F9BB00B29B08 /* TableViewCell.swift in Sources */ = {isa = PBXBuildFile; fileRef = 186D28E32AD8F9BB00B29B08 /* TableViewCell.swift */; };
		186D28E62AD93C7F00B29B08 /* secondViewController.swift in Sources */ = {isa = PBXBuildFile; fileRef = 186D28E52AD93C7F00B29B08 /* secondViewController.swift */; };
		186D28EA2AD93E0D00B29B08 /* model.swift in Sources */ = {isa = PBXBuildFile; fileRef = 186D28E92AD93E0D00B29B08 /* model.swift */; };
		186D28EC2AD93E5500B29B08 /* view model.swift in Sources */ = {isa = PBXBuildFile; fileRef = 186D28EB2AD93E5500B29B08 /* view model.swift */; };
		186D28EE2AD93E9000B29B08 /* context.swift in Sources */ = {isa = PBXBuildFile; fileRef = 186D28ED2AD93E9000B29B08 /* context.swift */; };
		621637AE95483018E5BFB364 /* Pods_newsapi_mvvm.framework in Frameworks */ = {isa = PBXBuildFile; fileRef = EA3757A98E9AB06E6F35912B /* Pods_newsapi_mvvm.framework */; };
/* End PBXBuildFile section */

/* Begin PBXFileReference section */
		186D28CC2AD8F24B00B29B08 /* newsapi_mvvm.app */ = {isa = PBXFileReference; explicitFileType = wrapper.application; includeInIndex = 0; path = newsapi_mvvm.app; sourceTree = BUILT_PRODUCTS_DIR; };
		186D28CF2AD8F24B00B29B08 /* AppDelegate.swift */ = {isa = PBXFileReference; lastKnownFileType = sourcecode.swift; path = AppDelegate.swift; sourceTree = "<group>"; };
		186D28D12AD8F24B00B29B08 /* SceneDelegate.swift */ = {isa = PBXFileReference; lastKnownFileType = sourcecode.swift; path = SceneDelegate.swift; sourceTree = "<group>"; };
		186D28D32AD8F24B00B29B08 /* ViewController.swift */ = {isa = PBXFileReference; lastKnownFileType = sourcecode.swift; path = ViewController.swift; sourceTree = "<group>"; };
		186D28D62AD8F24B00B29B08 /* Base */ = {isa = PBXFileReference; lastKnownFileType = file.storyboard; name = Base; path = Base.lproj/Main.storyboard; sourceTree = "<group>"; };
		186D28D82AD8F24F00B29B08 /* Assets.xcassets */ = {isa = PBXFileReference; lastKnownFileType = folder.assetcatalog; path = Assets.xcassets; sourceTree = "<group>"; };
		186D28DB2AD8F24F00B29B08 /* Base */ = {isa = PBXFileReference; lastKnownFileType = file.storyboard; name = Base; path = Base.lproj/LaunchScreen.storyboard; sourceTree = "<group>"; };
		186D28DD2AD8F24F00B29B08 /* Info.plist */ = {isa = PBXFileReference; lastKnownFileType = text.plist.xml; path = Info.plist; sourceTree = "<group>"; };
		186D28E32AD8F9BB00B29B08 /* TableViewCell.swift */ = {isa = PBXFileReference; lastKnownFileType = sourcecode.swift; path = TableViewCell.swift; sourceTree = "<group>"; };
		186D28E52AD93C7F00B29B08 /* secondViewController.swift */ = {isa = PBXFileReference; lastKnownFileType = sourcecode.swift; path = secondViewController.swift; sourceTree = "<group>"; };
		186D28E92AD93E0D00B29B08 /* model.swift */ = {isa = PBXFileReference; lastKnownFileType = sourcecode.swift; path = model.swift; sourceTree = "<group>"; };
		186D28EB2AD93E5500B29B08 /* view model.swift */ = {isa = PBXFileReference; lastKnownFileType = sourcecode.swift; path = "view model.swift"; sourceTree = "<group>"; };
		186D28ED2AD93E9000B29B08 /* context.swift */ = {isa = PBXFileReference; lastKnownFileType = sourcecode.swift; path = context.swift; sourceTree = "<group>"; };
		5CE247536682B3B0C255AF1C /* Pods-newsapi_mvvm.debug.xcconfig */ = {isa = PBXFileReference; includeInIndex = 1; lastKnownFileType = text.xcconfig; name = "Pods-newsapi_mvvm.debug.xcconfig"; path = "Target Support Files/Pods-newsapi_mvvm/Pods-newsapi_mvvm.debug.xcconfig"; sourceTree = "<group>"; };
		BA259F008FF831245D1B0F17 /* Pods-newsapi_mvvm.release.xcconfig */ = {isa = PBXFileReference; includeInIndex = 1; lastKnownFileType = text.xcconfig; name = "Pods-newsapi_mvvm.release.xcconfig"; path = "Target Support Files/Pods-newsapi_mvvm/Pods-newsapi_mvvm.release.xcconfig"; sourceTree = "<group>"; };
		EA3757A98E9AB06E6F35912B /* Pods_newsapi_mvvm.framework */ = {isa = PBXFileReference; explicitFileType = wrapper.framework; includeInIndex = 0; path = Pods_newsapi_mvvm.framework; sourceTree = BUILT_PRODUCTS_DIR; };
/* End PBXFileReference section */

/* Begin PBXFrameworksBuildPhase section */
		186D28C92AD8F24B00B29B08 /* Frameworks */ = {
			isa = PBXFrameworksBuildPhase;
			buildActionMask = 2147483647;
			files = (
				621637AE95483018E5BFB364 /* Pods_newsapi_mvvm.framework in Frameworks */,
			);
			runOnlyForDeploymentPostprocessing = 0;
		};
/* End PBXFrameworksBuildPhase section */

/* Begin PBXGroup section */
		186D28C32AD8F24B00B29B08 = {
			isa = PBXGroup;
			children = (
				186D28CE2AD8F24B00B29B08 /* newsapi_mvvm */,
				186D28CD2AD8F24B00B29B08 /* Products */,
				4A914580F9BD3E2883816294 /* Pods */,
				D5B4DF827C55B73095F00BC9 /* Frameworks */,
			);
			sourceTree = "<group>";
		};
		186D28CD2AD8F24B00B29B08 /* Products */ = {
			isa = PBXGroup;
			children = (
				186D28CC2AD8F24B00B29B08 /* newsapi_mvvm.app */,
			);
			name = Products;
			sourceTree = "<group>";
		};
		186D28CE2AD8F24B00B29B08 /* newsapi_mvvm */ = {
			isa = PBXGroup;
			children = (
				186D28CF2AD8F24B00B29B08 /* AppDelegate.swift */,
				186D28D12AD8F24B00B29B08 /* SceneDelegate.swift */,
				186D28E92AD93E0D00B29B08 /* model.swift */,
				186D28EB2AD93E5500B29B08 /* view model.swift */,
				186D28ED2AD93E9000B29B08 /* context.swift */,
				186D28D32AD8F24B00B29B08 /* ViewController.swift */,
				186D28E52AD93C7F00B29B08 /* secondViewController.swift */,
				186D28E32AD8F9BB00B29B08 /* TableViewCell.swift */,
				186D28D52AD8F24B00B29B08 /* Main.storyboard */,
				186D28D82AD8F24F00B29B08 /* Assets.xcassets */,
				186D28DA2AD8F24F00B29B08 /* LaunchScreen.storyboard */,
				186D28DD2AD8F24F00B29B08 /* Info.plist */,
			);
			path = newsapi_mvvm;
			sourceTree = "<group>";
		};
		4A914580F9BD3E2883816294 /* Pods */ = {
			isa = PBXGroup;
			children = (
				5CE247536682B3B0C255AF1C /* Pods-newsapi_mvvm.debug.xcconfig */,
				BA259F008FF831245D1B0F17 /* Pods-newsapi_mvvm.release.xcconfig */,
			);
			path = Pods;
			sourceTree = "<group>";
		};
		D5B4DF827C55B73095F00BC9 /* Frameworks */ = {
			isa = PBXGroup;
			children = (
				EA3757A98E9AB06E6F35912B /* Pods_newsapi_mvvm.framework */,
			);
			name = Frameworks;
			sourceTree = "<group>";
		};
/* End PBXGroup section */

/* Begin PBXNativeTarget section */
		186D28CB2AD8F24B00B29B08 /* newsapi_mvvm */ = {
			isa = PBXNativeTarget;
			buildConfigurationList = 186D28E02AD8F24F00B29B08 /* Build configuration list for PBXNativeTarget "newsapi_mvvm" */;
			buildPhases = (
				DD0541A3A91F7C0490139450 /* [CP] Check Pods Manifest.lock */,
				186D28C82AD8F24B00B29B08 /* Sources */,
				186D28C92AD8F24B00B29B08 /* Frameworks */,
				186D28CA2AD8F24B00B29B08 /* Resources */,
				1CBFFF69D5CCFB076719393A /* [CP] Embed Pods Frameworks */,
			);
			buildRules = (
			);
			dependencies = (
			);
			name = newsapi_mvvm;
			productName = newsapi_mvvm;
			productReference = 186D28CC2AD8F24B00B29B08 /* newsapi_mvvm.app */;
			productType = "com.apple.product-type.application";
		};
/* End PBXNativeTarget section */

/* Begin PBXProject section */
		186D28C42AD8F24B00B29B08 /* Project object */ = {
			isa = PBXProject;
			attributes = {
				BuildIndependentTargetsInParallel = 1;
				LastSwiftUpdateCheck = 1340;
				LastUpgradeCheck = 1340;
				TargetAttributes = {
					186D28CB2AD8F24B00B29B08 = {
						CreatedOnToolsVersion = 13.4.1;
					};
				};
			};
			buildConfigurationList = 186D28C72AD8F24B00B29B08 /* Build configuration list for PBXProject "newsapi_mvvm" */;
			compatibilityVersion = "Xcode 13.0";
			developmentRegion = en;
			hasScannedForEncodings = 0;
			knownRegions = (
				en,
				Base,
			);
			mainGroup = 186D28C32AD8F24B00B29B08;
			productRefGroup = 186D28CD2AD8F24B00B29B08 /* Products */;
			projectDirPath = "";
			projectRoot = "";
			targets = (
				186D28CB2AD8F24B00B29B08 /* newsapi_mvvm */,
			);
		};
/* End PBXProject section */

/* Begin PBXResourcesBuildPhase section */
		186D28CA2AD8F24B00B29B08 /* Resources */ = {
			isa = PBXResourcesBuildPhase;
			buildActionMask = 2147483647;
			files = (
				186D28DC2AD8F24F00B29B08 /* LaunchScreen.storyboard in Resources */,
				186D28D92AD8F24F00B29B08 /* Assets.xcassets in Resources */,
				186D28D72AD8F24B00B29B08 /* Main.storyboard in Resources */,
			);
			runOnlyForDeploymentPostprocessing = 0;
		};
/* End PBXResourcesBuildPhase section */

/* Begin PBXShellScriptBuildPhase section */
		1CBFFF69D5CCFB076719393A /* [CP] Embed Pods Frameworks */ = {
			isa = PBXShellScriptBuildPhase;
			buildActionMask = 2147483647;
			files = (
			);
			inputFileListPaths = (
				"${PODS_ROOT}/Target Support Files/Pods-newsapi_mvvm/Pods-newsapi_mvvm-frameworks-${CONFIGURATION}-input-files.xcfilelist",
			);
			name = "[CP] Embed Pods Frameworks";
			outputFileListPaths = (
				"${PODS_ROOT}/Target Support Files/Pods-newsapi_mvvm/Pods-newsapi_mvvm-frameworks-${CONFIGURATION}-output-files.xcfilelist",
			);
			runOnlyForDeploymentPostprocessing = 0;
			shellPath = /bin/sh;
			shellScript = "\"${PODS_ROOT}/Target Support Files/Pods-newsapi_mvvm/Pods-newsapi_mvvm-frameworks.sh\"\n";
			showEnvVarsInLog = 0;
		};
		DD0541A3A91F7C0490139450 /* [CP] Check Pods Manifest.lock */ = {
			isa = PBXShellScriptBuildPhase;
			buildActionMask = 2147483647;
			files = (
			);
			inputFileListPaths = (
			);
			inputPaths = (
				"${PODS_PODFILE_DIR_PATH}/Podfile.lock",
				"${PODS_ROOT}/Manifest.lock",
			);
			name = "[CP] Check Pods Manifest.lock";
			outputFileListPaths = (
			);
			outputPaths = (
				"$(DERIVED_FILE_DIR)/Pods-newsapi_mvvm-checkManifestLockResult.txt",
			);
			runOnlyForDeploymentPostprocessing = 0;
			shellPath = /bin/sh;
			shellScript = "diff \"${PODS_PODFILE_DIR_PATH}/Podfile.lock\" \"${PODS_ROOT}/Manifest.lock\" > /dev/null\nif [ $? != 0 ] ; then\n    # print error to STDERR\n    echo \"error: The sandbox is not in sync with the Podfile.lock. Run 'pod install' or update your CocoaPods installation.\" >&2\n    exit 1\nfi\n# This output is used by Xcode 'outputs' to avoid re-running this script phase.\necho \"SUCCESS\" > \"${SCRIPT_OUTPUT_FILE_0}\"\n";
			showEnvVarsInLog = 0;
		};
/* End PBXShellScriptBuildPhase section */

/* Begin PBXSourcesBuildPhase section */
		186D28C82AD8F24B00B29B08 /* Sources */ = {
			isa = PBXSourcesBuildPhase;
			buildActionMask = 2147483647;
			files = (
				186D28D42AD8F24B00B29B08 /* ViewController.swift in Sources */,
				186D28EA2AD93E0D00B29B08 /* model.swift in Sources */,
				186D28E42AD8F9BB00B29B08 /* TableViewCell.swift in Sources */,
				186D28D02AD8F24B00B29B08 /* AppDelegate.swift in Sources */,
				186D28E62AD93C7F00B29B08 /* secondViewController.swift in Sources */,
				186D28EE2AD93E9000B29B08 /* context.swift in Sources */,
				186D28EC2AD93E5500B29B08 /* view model.swift in Sources */,
				186D28D22AD8F24B00B29B08 /* SceneDelegate.swift in Sources */,
			);
			runOnlyForDeploymentPostprocessing = 0;
		};
/* End PBXSourcesBuildPhase section */

/* Begin PBXVariantGroup section */
		186D28D52AD8F24B00B29B08 /* Main.storyboard */ = {
			isa = PBXVariantGroup;
			children = (
				186D28D62AD8F24B00B29B08 /* Base */,
			);
			name = Main.storyboard;
			sourceTree = "<group>";
		};
		186D28DA2AD8F24F00B29B08 /* LaunchScreen.storyboard */ = {
			isa = PBXVariantGroup;
			children = (
				186D28DB2AD8F24F00B29B08 /* Base */,
			);
			name = LaunchScreen.storyboard;
			sourceTree = "<group>";
		};
/* End PBXVariantGroup section */

/* Begin XCBuildConfiguration section */
		186D28DE2AD8F24F00B29B08 /* Debug */ = {
			isa = XCBuildConfiguration;
			buildSettings = {
				ALWAYS_SEARCH_USER_PATHS = NO;
				CLANG_ANALYZER_NONNULL = YES;
				CLANG_ANALYZER_NUMBER_OBJECT_CONVERSION = YES_AGGRESSIVE;
				CLANG_CXX_LANGUAGE_STANDARD = "gnu++17";
				CLANG_ENABLE_MODULES = YES;
				CLANG_ENABLE_OBJC_ARC = YES;
				CLANG_ENABLE_OBJC_WEAK = YES;
				CLANG_WARN_BLOCK_CAPTURE_AUTORELEASING = YES;
				CLANG_WARN_BOOL_CONVERSION = YES;
				CLANG_WARN_COMMA = YES;
				CLANG_WARN_CONSTANT_CONVERSION = YES;
				CLANG_WARN_DEPRECATED_OBJC_IMPLEMENTATIONS = YES;
				CLANG_WARN_DIRECT_OBJC_ISA_USAGE = YES_ERROR;
				CLANG_WARN_DOCUMENTATION_COMMENTS = YES;
				CLANG_WARN_EMPTY_BODY = YES;
				CLANG_WARN_ENUM_CONVERSION = YES;
				CLANG_WARN_INFINITE_RECURSION = YES;
				CLANG_WARN_INT_CONVERSION = YES;
				CLANG_WARN_NON_LITERAL_NULL_CONVERSION = YES;
				CLANG_WARN_OBJC_IMPLICIT_RETAIN_SELF = YES;
				CLANG_WARN_OBJC_LITERAL_CONVERSION = YES;
				CLANG_WARN_OBJC_ROOT_CLASS = YES_ERROR;
				CLANG_WARN_QUOTED_INCLUDE_IN_FRAMEWORK_HEADER = YES;
				CLANG_WARN_RANGE_LOOP_ANALYSIS = YES;
				CLANG_WARN_STRICT_PROTOTYPES = YES;
				CLANG_WARN_SUSPICIOUS_MOVE = YES;
				CLANG_WARN_UNGUARDED_AVAILABILITY = YES_AGGRESSIVE;
				CLANG_WARN_UNREACHABLE_CODE = YES;
				CLANG_WARN__DUPLICATE_METHOD_MATCH = YES;
				COPY_PHASE_STRIP = NO;
				DEBUG_INFORMATION_FORMAT = dwarf;
				ENABLE_STRICT_OBJC_MSGSEND = YES;
				ENABLE_TESTABILITY = YES;
				GCC_C_LANGUAGE_STANDARD = gnu11;
				GCC_DYNAMIC_NO_PIC = NO;
				GCC_NO_COMMON_BLOCKS = YES;
				GCC_OPTIMIZATION_LEVEL = 0;
				GCC_PREPROCESSOR_DEFINITIONS = (
					"DEBUG=1",
					"$(inherited)",
				);
				GCC_WARN_64_TO_32_BIT_CONVERSION = YES;
				GCC_WARN_ABOUT_RETURN_TYPE = YES_ERROR;
				GCC_WARN_UNDECLARED_SELECTOR = YES;
				GCC_WARN_UNINITIALIZED_AUTOS = YES_AGGRESSIVE;
				GCC_WARN_UNUSED_FUNCTION = YES;
				GCC_WARN_UNUSED_VARIABLE = YES;
				IPHONEOS_DEPLOYMENT_TARGET = 15.5;
				MTL_ENABLE_DEBUG_INFO = INCLUDE_SOURCE;
				MTL_FAST_MATH = YES;
				ONLY_ACTIVE_ARCH = YES;
				SDKROOT = iphoneos;
				SWIFT_ACTIVE_COMPILATION_CONDITIONS = DEBUG;
				SWIFT_OPTIMIZATION_LEVEL = "-Onone";
			};
			name = Debug;
		};
		186D28DF2AD8F24F00B29B08 /* Release */ = {
			isa = XCBuildConfiguration;
			buildSettings = {
				ALWAYS_SEARCH_USER_PATHS = NO;
				CLANG_ANALYZER_NONNULL = YES;
				CLANG_ANALYZER_NUMBER_OBJECT_CONVERSION = YES_AGGRESSIVE;
				CLANG_CXX_LANGUAGE_STANDARD = "gnu++17";
				CLANG_ENABLE_MODULES = YES;
				CLANG_ENABLE_OBJC_ARC = YES;
				CLANG_ENABLE_OBJC_WEAK = YES;
				CLANG_WARN_BLOCK_CAPTURE_AUTORELEASING = YES;
				CLANG_WARN_BOOL_CONVERSION = YES;
				CLANG_WARN_COMMA = YES;
				CLANG_WARN_CONSTANT_CONVERSION = YES;
				CLANG_WARN_DEPRECATED_OBJC_IMPLEMENTATIONS = YES;
				CLANG_WARN_DIRECT_OBJC_ISA_USAGE = YES_ERROR;
				CLANG_WARN_DOCUMENTATION_COMMENTS = YES;
				CLANG_WARN_EMPTY_BODY = YES;
				CLANG_WARN_ENUM_CONVERSION = YES;
				CLANG_WARN_INFINITE_RECURSION = YES;
				CLANG_WARN_INT_CONVERSION = YES;
				CLANG_WARN_NON_LITERAL_NULL_CONVERSION = YES;
				CLANG_WARN_OBJC_IMPLICIT_RETAIN_SELF = YES;
				CLANG_WARN_OBJC_LITERAL_CONVERSION = YES;
				CLANG_WARN_OBJC_ROOT_CLASS = YES_ERROR;
				CLANG_WARN_QUOTED_INCLUDE_IN_FRAMEWORK_HEADER = YES;
				CLANG_WARN_RANGE_LOOP_ANALYSIS = YES;
				CLANG_WARN_STRICT_PROTOTYPES = YES;
				CLANG_WARN_SUSPICIOUS_MOVE = YES;
				CLANG_WARN_UNGUARDED_AVAILABILITY = YES_AGGRESSIVE;
				CLANG_WARN_UNREACHABLE_CODE = YES;
				CLANG_WARN__DUPLICATE_METHOD_MATCH = YES;
				COPY_PHASE_STRIP = NO;
				DEBUG_INFORMATION_FORMAT = "dwarf-with-dsym";
				ENABLE_NS_ASSERTIONS = NO;
				ENABLE_STRICT_OBJC_MSGSEND = YES;
				GCC_C_LANGUAGE_STANDARD = gnu11;
				GCC_NO_COMMON_BLOCKS = YES;
				GCC_WARN_64_TO_32_BIT_CONVERSION = YES;
				GCC_WARN_ABOUT_RETURN_TYPE = YES_ERROR;
				GCC_WARN_UNDECLARED_SELECTOR = YES;
				GCC_WARN_UNINITIALIZED_AUTOS = YES_AGGRESSIVE;
				GCC_WARN_UNUSED_FUNCTION = YES;
				GCC_WARN_UNUSED_VARIABLE = YES;
				IPHONEOS_DEPLOYMENT_TARGET = 15.5;
				MTL_ENABLE_DEBUG_INFO = NO;
				MTL_FAST_MATH = YES;
				SDKROOT = iphoneos;
				SWIFT_COMPILATION_MODE = wholemodule;
				SWIFT_OPTIMIZATION_LEVEL = "-O";
				VALIDATE_PRODUCT = YES;
			};
			name = Release;
		};
		186D28E12AD8F24F00B29B08 /* Debug */ = {
			isa = XCBuildConfiguration;
			baseConfigurationReference = 5CE247536682B3B0C255AF1C /* Pods-newsapi_mvvm.debug.xcconfig */;
			buildSettings = {
				ASSETCATALOG_COMPILER_APPICON_NAME = AppIcon;
				ASSETCATALOG_COMPILER_GLOBAL_ACCENT_COLOR_NAME = AccentColor;
				CODE_SIGN_STYLE = Automatic;
				CURRENT_PROJECT_VERSION = 1;
				DEVELOPMENT_TEAM = Y7949476L7;
				GENERATE_INFOPLIST_FILE = YES;
				INFOPLIST_FILE = newsapi_mvvm/Info.plist;
				INFOPLIST_KEY_UIApplicationSupportsIndirectInputEvents = YES;
				INFOPLIST_KEY_UILaunchStoryboardName = LaunchScreen;
				INFOPLIST_KEY_UIMainStoryboardFile = Main;
				INFOPLIST_KEY_UISupportedInterfaceOrientations_iPad = "UIInterfaceOrientationPortrait UIInterfaceOrientationPortraitUpsideDown UIInterfaceOrientationLandscapeLeft UIInterfaceOrientationLandscapeRight";
				INFOPLIST_KEY_UISupportedInterfaceOrientations_iPhone = "UIInterfaceOrientationPortrait UIInterfaceOrientationLandscapeLeft UIInterfaceOrientationLandscapeRight";
				LD_RUNPATH_SEARCH_PATHS = (
					"$(inherited)",
					"@executable_path/Frameworks",
				);
				MARKETING_VERSION = 1.0;
				PRODUCT_BUNDLE_IDENTIFIER = "sathish.newsapi-mvvm";
				PRODUCT_NAME = "$(TARGET_NAME)";
				SWIFT_EMIT_LOC_STRINGS = YES;
				SWIFT_VERSION = 5.0;
				TARGETED_DEVICE_FAMILY = "1,2";
			};
			name = Debug;
		};
		186D28E22AD8F24F00B29B08 /* Release */ = {
			isa = XCBuildConfiguration;
			baseConfigurationReference = BA259F008FF831245D1B0F17 /* Pods-newsapi_mvvm.release.xcconfig */;
			buildSettings = {
				ASSETCATALOG_COMPILER_APPICON_NAME = AppIcon;
				ASSETCATALOG_COMPILER_GLOBAL_ACCENT_COLOR_NAME = AccentColor;
				CODE_SIGN_STYLE = Automatic;
				CURRENT_PROJECT_VERSION = 1;
				DEVELOPMENT_TEAM = Y7949476L7;
				GENERATE_INFOPLIST_FILE = YES;
				INFOPLIST_FILE = newsapi_mvvm/Info.plist;
				INFOPLIST_KEY_UIApplicationSupportsIndirectInputEvents = YES;
				INFOPLIST_KEY_UILaunchStoryboardName = LaunchScreen;
				INFOPLIST_KEY_UIMainStoryboardFile = Main;
				INFOPLIST_KEY_UISupportedInterfaceOrientations_iPad = "UIInterfaceOrientationPortrait UIInterfaceOrientationPortraitUpsideDown UIInterfaceOrientationLandscapeLeft UIInterfaceOrientationLandscapeRight";
				INFOPLIST_KEY_UISupportedInterfaceOrientations_iPhone = "UIInterfaceOrientationPortrait UIInterfaceOrientationLandscapeLeft UIInterfaceOrientationLandscapeRight";
				LD_RUNPATH_SEARCH_PATHS = (
					"$(inherited)",
					"@executable_path/Frameworks",
				);
				MARKETING_VERSION = 1.0;
				PRODUCT_BUNDLE_IDENTIFIER = "sathish.newsapi-mvvm";
				PRODUCT_NAME = "$(TARGET_NAME)";
				SWIFT_EMIT_LOC_STRINGS = YES;
				SWIFT_VERSION = 5.0;
				TARGETED_DEVICE_FAMILY = "1,2";
			};
			name = Release;
		};
/* End XCBuildConfiguration section */

/* Begin XCConfigurationList section */
		186D28C72AD8F24B00B29B08 /* Build configuration list for PBXProject "newsapi_mvvm" */ = {
			isa = XCConfigurationList;
			buildConfigurations = (
				186D28DE2AD8F24F00B29B08 /* Debug */,
				186D28DF2AD8F24F00B29B08 /* Release */,
			);
			defaultConfigurationIsVisible = 0;
			defaultConfigurationName = Release;
		};
		186D28E02AD8F24F00B29B08 /* Build configuration list for PBXNativeTarget "newsapi_mvvm" */ = {
			isa = XCConfigurationList;
			buildConfigurations = (
				186D28E12AD8F24F00B29B08 /* Debug */,
				186D28E22AD8F24F00B29B08 /* Release */,
			);
			defaultConfigurationIsVisible = 0;
			defaultConfigurationName = Release;
		};
/* End XCConfigurationList section */
	};
	rootObject = 186D28C42AD8F24B00B29B08 /* Project object */;
}
